Microsoft Visual Studio Solution File, Format Version 12.00
# Visual Studio Version 17
VisualStudioVersion = 17.5.2.0
MinimumVisualStudioVersion = 10.0.40219.1
Project("{FAE04EC0-301F-11D3-BF4B-00C04F79EFBC}") = "DClassTask", "DClassTask.csproj", "{4EDB858E-EF7F-5596-3A2D-61863DEB0D5B}"
EndProject
Global
	GlobalSection(SolutionConfigurationPlatforms) = preSolution
		Debug|Any CPU = Debug|Any CPU
		Release|Any CPU = Release|Any CPU
	EndGlobalSection
	GlobalSection(ProjectConfigurationPlatforms) = postSolution
		{4EDB858E-EF7F-5596-3A2D-61863DEB0D5B}.Debug|Any CPU.ActiveCfg = Debug|Any CPU
		{4EDB858E-EF7F-5596-3A2D-61863DEB0D5B}.Debug|Any CPU.Build.0 = Debug|Any CPU
		{4EDB858E-EF7F-5596-3A2D-61863DEB0D5B}.Release|Any CPU.ActiveCfg = Release|Any CPU
		{4EDB858E-EF7F-5596-3A2D-61863DEB0D5B}.Release|Any CPU.Build.0 = Release|Any CPU
	EndGlobalSection
	GlobalSection(SolutionProperties) = preSolution
		HideSolutionNode = FALSE
	EndGlobalSection
	GlobalSection(ExtensibilityGlobals) = postSolution
		SolutionGuid = {A13E608C-844E-4146-8F2F-86F5DED4FD33}
	EndGlobalSection
EndGlobal
